
Microsoft Visual Studio Solution File, Format Version 12.00
# Visual Studio Version 16
VisualStudioVersion = 16.0.31624.102
MinimumVisualStudioVersion = 10.0.40219.1
Project("{FAE04EC0-301F-11D3-BF4B-00C04F79EFBC}") = "Lab_04", "Lab_04\Lab_04.csproj", "{0F7EC1C8-E39B-49C6-BF16-B66EB2D2BB5F}"
EndProject
Global
	GlobalSection(SolutionConfigurationPlatforms) = preSolution
		Debug|Any CPU = Debug|Any CPU
		Release|Any CPU = Release|Any CPU
	EndGlobalSection
	GlobalSection(ProjectConfigurationPlatforms) = postSolution
		{0F7EC1C8-E39B-49C6-BF16-B66EB2D2BB5F}.Debug|Any CPU.ActiveCfg = Debug|Any CPU
		{0F7EC1C8-E39B-49C6-BF16-B66EB2D2BB5F}.Debug|Any CPU.Build.0 = Debug|Any CPU
		{0F7EC1C8-E39B-49C6-BF16-B66EB2D2BB5F}.Release|Any CPU.ActiveCfg = Release|Any CPU
		{0F7EC1C8-E39B-49C6-BF16-B66EB2D2BB5F}.Release|Any CPU.Build.0 = Release|Any CPU
	EndGlobalSection
	GlobalSection(SolutionProperties) = preSolution
		HideSolutionNode = FALSE
	EndGlobalSection
	GlobalSection(ExtensibilityGlobals) = postSolution
		SolutionGuid = {3F340483-1513-40CA-B2D9-20966A94BCC9}
	EndGlobalSection
EndGlobal
